
Microsoft Visual Studio Solution File, Format Version 12.00
Project("{FAE04EC0-301F-11D3-BF4B-00C04F79EFBC}") = "Moorhuhn-Console", "Moorhuhn-Console\Moorhuhn-Console.csproj", "{56CF2D27-C2B9-44C0-AE60-961DE8851AA1}"
EndProject
Global
	GlobalSection(SolutionConfigurationPlatforms) = preSolution
		Debug|Any CPU = Debug|Any CPU
		Release|Any CPU = Release|Any CPU
	EndGlobalSection
	GlobalSection(ProjectConfigurationPlatforms) = postSolution
		{56CF2D27-C2B9-44C0-AE60-961DE8851AA1}.Debug|Any CPU.ActiveCfg = Debug|Any CPU
		{56CF2D27-C2B9-44C0-AE60-961DE8851AA1}.Debug|Any CPU.Build.0 = Debug|Any CPU
		{56CF2D27-C2B9-44C0-AE60-961DE8851AA1}.Release|Any CPU.ActiveCfg = Release|Any CPU
		{56CF2D27-C2B9-44C0-AE60-961DE8851AA1}.Release|Any CPU.Build.0 = Release|Any CPU
	EndGlobalSection
EndGlobal
